
Microsoft Visual Studio Solution File, Format Version 12.00
# Visual Studio Version 16
VisualStudioVersion = 16.0.29503.13
MinimumVisualStudioVersion = 10.0.40219.1
Project("{FAE04EC0-301F-11D3-BF4B-00C04F79EFBC}") = "MusicBox", "MusicBox.csproj", "{5B8B80CE-EF7E-4A23-A065-1AB55AA65D73}"
EndProject
Global
	GlobalSection(SolutionConfigurationPlatforms) = preSolution
		Debug|Any CPU = Debug|Any CPU
		Release|Any CPU = Release|Any CPU
	EndGlobalSection
	GlobalSection(ProjectConfigurationPlatforms) = postSolution
		{5B8B80CE-EF7E-4A23-A065-1AB55AA65D73}.Debug|Any CPU.ActiveCfg = Debug|Any CPU
		{5B8B80CE-EF7E-4A23-A065-1AB55AA65D73}.Debug|Any CPU.Build.0 = Debug|Any CPU
		{5B8B80CE-EF7E-4A23-A065-1AB55AA65D73}.Release|Any CPU.ActiveCfg = Release|Any CPU
		{5B8B80CE-EF7E-4A23-A065-1AB55AA65D73}.Release|Any CPU.Build.0 = Release|Any CPU
	EndGlobalSection
	GlobalSection(SolutionProperties) = preSolution
		HideSolutionNode = FALSE
	EndGlobalSection
	GlobalSection(ExtensibilityGlobals) = postSolution
		SolutionGuid = {9270C42B-3280-4CC6-BE1A-B69BF46A0A44}
	EndGlobalSection
EndGlobal
